// !$*UTF8*$!
{
	archiveVersion = 1;
	classes = {
	};
	objectVersion = 46;
	objects = {

/* Begin PBXBuildFile section */
		713CD1BF1CE08FD300F0D22A /* main.m in Sources */ = {isa = PBXBuildFile; fileRef = 713CD1BE1CE08FD300F0D22A /* main.m */; };
		713CD1C21CE08FD300F0D22A /* AppDelegate.m in Sources */ = {isa = PBXBuildFile; fileRef = 713CD1C11CE08FD300F0D22A /* AppDelegate.m */; };
		713CD1C51CE08FD300F0D22A /* ViewController.m in Sources */ = {isa = PBXBuildFile; fileRef = 713CD1C41CE08FD300F0D22A /* ViewController.m */; };
		713CD1C81CE08FD300F0D22A /* Main.storyboard in Resources */ = {isa = PBXBuildFile; fileRef = 713CD1C61CE08FD300F0D22A /* Main.storyboard */; };
		713CD1CA1CE08FD300F0D22A /* Assets.xcassets in Resources */ = {isa = PBXBuildFile; fileRef = 713CD1C91CE08FD300F0D22A /* Assets.xcassets */; };
		713CD1CD1CE08FD300F0D22A /* LaunchScreen.storyboard in Resources */ = {isa = PBXBuildFile; fileRef = 713CD1CB1CE08FD300F0D22A /* LaunchScreen.storyboard */; };
/* End PBXBuildFile section */

/* Begin PBXFileReference section */
		713CD1BA1CE08FD300F0D22A /* ClockDemo.app */ = {isa = PBXFileReference; explicitFileType = wrapper.application; includeInIndex = 0; path = ClockDemo.app; sourceTree = BUILT_PRODUCTS_DIR; };
		713CD1BE1CE08FD300F0D22A /* main.m */ = {isa = PBXFileReference; lastKnownFileType = sourcecode.c.objc; path = main.m; sourceTree = "<group>"; };
		713CD1C01CE08FD300F0D22A /* AppDelegate.h */ = {isa = PBXFileReference; lastKnownFileType = sourcecode.c.h; path = AppDelegate.h; sourceTree = "<group>"; };
		713CD1C11CE08FD300F0D22A /* AppDelegate.m */ = {isa = PBXFileReference; lastKnownFileType = sourcecode.c.objc; path = AppDelegate.m; sourceTree = "<group>"; };
		713CD1C31CE08FD300F0D22A /* ViewController.h */ = {isa = PBXFileReference; lastKnownFileType = sourcecode.c.h; path = ViewController.h; sourceTree = "<group>"; };
		713CD1C41CE08FD300F0D22A /* ViewController.m */ = {isa = PBXFileReference; lastKnownFileType = sourcecode.c.objc; path = ViewController.m; sourceTree = "<group>"; };
		713CD1C71CE08FD300F0D22A /* Base */ = {isa = PBXFileReference; lastKnownFileType = file.storyboard; name = Base; path = Base.lproj/Main.storyboard; sourceTree = "<group>"; };
		713CD1C91CE08FD300F0D22A /* Assets.xcassets */ = {isa = PBXFileReference; lastKnownFileType = folder.assetcatalog; path = Assets.xcassets; sourceTree = "<group>"; };
		713CD1CC1CE08FD300F0D22A /* Base */ = {isa = PBXFileReference; lastKnownFileType = file.storyboard; name = Base; path = Base.lproj/LaunchScreen.storyboard; sourceTree = "<group>"; };
		713CD1CE1CE08FD300F0D22A /* Info.plist */ = {isa = PBXFileReference; lastKnownFileType = text.plist.xml; path = Info.plist; sourceTree = "<group>"; };
/* End PBXFileReference section */

/* Begin PBXFrameworksBuildPhase section */
		713CD1B71CE08FD300F0D22A /* Frameworks */ = {
			isa = PBXFrameworksBuildPhase;
			buildActionMask = 2147483647;
			files = (
			);
			runOnlyForDeploymentPostprocessing = 0;
		};
/* End PBXFrameworksBuildPhase section */

/* Begin PBXGroup section */
		713CD1B11CE08FD300F0D22A = {
			isa = PBXGroup;
			children = (
				713CD1BC1CE08FD300F0D22A /* ClockDemo */,
				713CD1BB1CE08FD300F0D22A /* Products */,
			);
			sourceTree = "<group>";
		};
		713CD1BB1CE08FD300F0D22A /* Products */ = {
			isa = PBXGroup;
			children = (
				713CD1BA1CE08FD300F0D22A /* ClockDemo.app */,
			);
			name = Products;
			sourceTree = "<group>";
		};
		713CD1BC1CE08FD300F0D22A /* ClockDemo */ = {
			isa = PBXGroup;
			children = (
				713CD1C01CE08FD300F0D22A /* AppDelegate.h */,
				713CD1C11CE08FD300F0D22A /* AppDelegate.m */,
				713CD1C31CE08FD300F0D22A /* ViewController.h */,
				713CD1C41CE08FD300F0D22A /* ViewController.m */,
				713CD1C61CE08FD300F0D22A /* Main.storyboard */,
				713CD1C91CE08FD300F0D22A /* Assets.xcassets */,
				713CD1CB1CE08FD300F0D22A /* LaunchScreen.storyboard */,
				713CD1CE1CE08FD300F0D22A /* Info.plist */,
				713CD1BD1CE08FD300F0D22A /* Supporting Files */,
			);
			path = ClockDemo;
			sourceTree = "<group>";
		};
		713CD1BD1CE08FD300F0D22A /* Supporting Files */ = {
			isa = PBXGroup;
			children = (
				713CD1BE1CE08FD300F0D22A /* main.m */,
			);
			name = "Supporting Files";
			sourceTree = "<group>";
		};
/* End PBXGroup section */

/* Begin PBXNativeTarget section */
		713CD1B91CE08FD300F0D22A /* ClockDemo */ = {
			isa = PBXNativeTarget;
			buildConfigurationList = 713CD1D11CE08FD300F0D22A /* Build configuration list for PBXNativeTarget "ClockDemo" */;
			buildPhases = (
				713CD1B61CE08FD300F0D22A /* Sources */,
				713CD1B71CE08FD300F0D22A /* Frameworks */,
				713CD1B81CE08FD300F0D22A /* Resources */,
			);
			buildRules = (
			);
			dependencies = (
			);
			name = ClockDemo;
			productName = ClockDemo;
			productReference = 713CD1BA1CE08FD300F0D22A /* ClockDemo.app */;
			productType = "com.apple.product-type.application";
		};
/* End PBXNativeTarget section */

/* Begin PBXProject section */
		713CD1B21CE08FD300F0D22A /* Project object */ = {
			isa = PBXProject;
			attributes = {
				LastUpgradeCheck = 0730;
				ORGANIZATIONNAME = yjs;
				TargetAttributes = {
					713CD1B91CE08FD300F0D22A = {
						CreatedOnToolsVersion = 7.3;
					};
				};
			};
			buildConfigurationList = 713CD1B51CE08FD300F0D22A /* Build configuration list for PBXProject "ClockDemo" */;
			compatibilityVersion = "Xcode 3.2";
			developmentRegion = English;
			hasScannedForEncodings = 0;
			knownRegions = (
				en,
				Base,
			);
			mainGroup = 713CD1B11CE08FD300F0D22A;
			productRefGroup = 713CD1BB1CE08FD300F0D22A /* Products */;
			projectDirPath = "";
			projectRoot = "";
			targets = (
				713CD1B91CE08FD300F0D22A /* ClockDemo */,
			);
		};
/* End PBXProject section */

/* Begin PBXResourcesBuildPhase section */
		713CD1B81CE08FD300F0D22A /* Resources */ = {
			isa = PBXResourcesBuildPhase;
			buildActionMask = 2147483647;
			files = (
				713CD1CD1CE08FD300F0D22A /* LaunchScreen.storyboard in Resources */,
				713CD1CA1CE08FD300F0D22A /* Assets.xcassets in Resources */,
				713CD1C81CE08FD300F0D22A /* Main.storyboard in Resources */,
			);
			runOnlyForDeploymentPostprocessing = 0;
		};
/* End PBXResourcesBuildPhase section */

/* Begin PBXSourcesBuildPhase section */
		713CD1B61CE08FD300F0D22A /* Sources */ = {
			isa = PBXSourcesBuildPhase;
			buildActionMask = 2147483647;
			files = (
				713CD1C51CE08FD300F0D22A /* ViewController.m in Sources */,
				713CD1C21CE08FD300F0D22A /* AppDelegate.m in Sources */,
				713CD1BF1CE08FD300F0D22A /* main.m in Sources */,
			);
			runOnlyForDeploymentPostprocessing = 0;
		};
/* End PBXSourcesBuildPhase section */

/* Begin PBXVariantGroup section */
		713CD1C61CE08FD300F0D22A /* Main.storyboard */ = {
			isa = PBXVariantGroup;
			children = (
				713CD1C71CE08FD300F0D22A /* Base */,
			);
			name = Main.storyboard;
			sourceTree = "<group>";
		};
		713CD1CB1CE08FD300F0D22A /* LaunchScreen.storyboard */ = {
			isa = PBXVariantGroup;
			children = (
				713CD1CC1CE08FD300F0D22A /* Base */,
			);
			name = LaunchScreen.storyboard;
			sourceTree = "<group>";
		};
/* End PBXVariantGroup section */

/* Begin XCBuildConfiguration section */
		713CD1CF1CE08FD300F0D22A /* Debug */ = {
			isa = XCBuildConfiguration;
			buildSettings = {
				ALWAYS_SEARCH_USER_PATHS = NO;
				CLANG_ANALYZER_NONNULL = YES;
				CLANG_CXX_LANGUAGE_STANDARD = "gnu++0x";
				CLANG_CXX_LIBRARY = "libc++";
				CLANG_ENABLE_MODULES = YES;
				CLANG_ENABLE_OBJC_ARC = YES;
				CLANG_WARN_BOOL_CONVERSION = YES;
				CLANG_WARN_CONSTANT_CONVERSION = YES;
				CLANG_WARN_DIRECT_OBJC_ISA_USAGE = YES_ERROR;
				CLANG_WARN_EMPTY_BODY = YES;
				CLANG_WARN_ENUM_CONVERSION = YES;
				CLANG_WARN_INT_CONVERSION = YES;
				CLANG_WARN_OBJC_ROOT_CLASS = YES_ERROR;
				CLANG_WARN_UNREACHABLE_CODE = YES;
				CLANG_WARN__DUPLICATE_METHOD_MATCH = YES;
				"CODE_SIGN_IDENTITY[sdk=iphoneos*]" = "iPhone Developer";
				COPY_PHASE_STRIP = NO;
				DEBUG_INFORMATION_FORMAT = dwarf;
				ENABLE_STRICT_OBJC_MSGSEND = YES;
				ENABLE_TESTABILITY = YES;
				GCC_C_LANGUAGE_STANDARD = gnu99;
				GCC_DYNAMIC_NO_PIC = NO;
				GCC_NO_COMMON_BLOCKS = YES;
				GCC_OPTIMIZATION_LEVEL = 0;
				GCC_PREPROCESSOR_DEFINITIONS = (
					"DEBUG=1",
					"$(inherited)",
				);
				GCC_WARN_64_TO_32_BIT_CONVERSION = YES;
				GCC_WARN_ABOUT_RETURN_TYPE = YES_ERROR;
				GCC_WARN_UNDECLARED_SELECTOR = YES;
				GCC_WARN_UNINITIALIZED_AUTOS = YES_AGGRESSIVE;
				GCC_WARN_UNUSED_FUNCTION = YES;
				GCC_WARN_UNUSED_VARIABLE = YES;
				IPHONEOS_DEPLOYMENT_TARGET = 9.3;
				MTL_ENABLE_DEBUG_INFO = YES;
				ONLY_ACTIVE_ARCH = YES;
				SDKROOT = iphoneos;
			};
			name = Debug;
		};
		713CD1D01CE08FD300F0D22A /* Release */ = {
			isa = XCBuildConfiguration;
			buildSettings = {
				ALWAYS_SEARCH_USER_PATHS = NO;
				CLANG_ANALYZER_NONNULL = YES;
				CLANG_CXX_LANGUAGE_STANDARD = "gnu++0x";
				CLANG_CXX_LIBRARY = "libc++";
				CLANG_ENABLE_MODULES = YES;
				CLANG_ENABLE_OBJC_ARC = YES;
				CLANG_WARN_BOOL_CONVERSION = YES;
				CLANG_WARN_CONSTANT_CONVERSION = YES;
				CLANG_WARN_DIRECT_OBJC_ISA_USAGE = YES_ERROR;
				CLANG_WARN_EMPTY_BODY = YES;
				CLANG_WARN_ENUM_CONVERSION = YES;
				CLANG_WARN_INT_CONVERSION = YES;
				CLANG_WARN_OBJC_ROOT_CLASS = YES_ERROR;
				CLANG_WARN_UNREACHABLE_CODE = YES;
				CLANG_WARN__DUPLICATE_METHOD_MATCH = YES;
				"CODE_SIGN_IDENTITY[sdk=iphoneos*]" = "iPhone Developer";
				COPY_PHASE_STRIP = NO;
				DEBUG_INFORMATION_FORMAT = "dwarf-with-dsym";
				ENABLE_NS_ASSERTIONS = NO;
				ENABLE_STRICT_OBJC_MSGSEND = YES;
				GCC_C_LANGUAGE_STANDARD = gnu99;
				GCC_NO_COMMON_BLOCKS = YES;
				GCC_WARN_64_TO_32_BIT_CONVERSION = YES;
				GCC_WARN_ABOUT_RETURN_TYPE = YES_ERROR;
				GCC_WARN_UNDECLARED_SELECTOR = YES;
				GCC_WARN_UNINITIALIZED_AUTOS = YES_AGGRESSIVE;
				GCC_WARN_UNUSED_FUNCTION = YES;
				GCC_WARN_UNUSED_VARIABLE = YES;
				IPHONEOS_DEPLOYMENT_TARGET = 9.3;
				MTL_ENABLE_DEBUG_INFO = NO;
				SDKROOT = iphoneos;
				VALIDATE_PRODUCT = YES;
			};
			name = Release;
		};
		713CD1D21CE08FD300F0D22A /* Debug */ = {
			isa = XCBuildConfiguration;
			buildSettings = {
				ASSETCATALOG_COMPILER_APPICON_NAME = AppIcon;
				INFOPLIST_FILE = ClockDemo/Info.plist;
				IPHONEOS_DEPLOYMENT_TARGET = 7.0;
				LD_RUNPATH_SEARCH_PATHS = "$(inherited) @executable_path/Frameworks";
				PRODUCT_BUNDLE_IDENTIFIER = shicaigj.com.ClockDemo;
				PRODUCT_NAME = "$(TARGET_NAME)";
			};
			name = Debug;
		};
		713CD1D31CE08FD300F0D22A /* Release */ = {
			isa = XCBuildConfiguration;
			buildSettings = {
				ASSETCATALOG_COMPILER_APPICON_NAME = AppIcon;
				INFOPLIST_FILE = ClockDemo/Info.plist;
				IPHONEOS_DEPLOYMENT_TARGET = 7.0;
				LD_RUNPATH_SEARCH_PATHS = "$(inherited) @executable_path/Frameworks";
				PRODUCT_BUNDLE_IDENTIFIER = shicaigj.com.ClockDemo;
				PRODUCT_NAME = "$(TARGET_NAME)";
			};
			name = Release;
		};
/* End XCBuildConfiguration section */

/* Begin XCConfigurationList section */
		713CD1B51CE08FD300F0D22A /* Build configuration list for PBXProject "ClockDemo" */ = {
			isa = XCConfigurationList;
			buildConfigurations = (
				713CD1CF1CE08FD300F0D22A /* Debug */,
				713CD1D01CE08FD300F0D22A /* Release */,
			);
			defaultConfigurationIsVisible = 0;
			defaultConfigurationName = Release;
		};
		713CD1D11CE08FD300F0D22A /* Build configuration list for PBXNativeTarget "ClockDemo" */ = {
			isa = XCConfigurationList;
			buildConfigurations = (
				713CD1D21CE08FD300F0D22A /* Debug */,
				713CD1D31CE08FD300F0D22A /* Release */,
			);
			defaultConfigurationIsVisible = 0;
		};
/* End XCConfigurationList section */
	};
	rootObject = 713CD1B21CE08FD300F0D22A /* Project object */;
}
